
Microsoft Visual Studio Solution File, Format Version 12.00
# Visual Studio Version 17
VisualStudioVersion = 17.0.31903.59
MinimumVisualStudioVersion = 10.0.40219.1
Project("{9A19103F-16F7-4668-BE54-9A1E7A4F7556}") = "Fage.Script", "Fage.Script\Fage.Script.csproj", "{B66EADA3-5FC8-4585-BE99-3ADB3CC0FE59}"
EndProject
Project("{9A19103F-16F7-4668-BE54-9A1E7A4F7556}") = "Fage.Script.Compiler", "Fage.Script.Compiler\Fage.Script.Compiler.csproj", "{07543A9A-12A3-41EF-A3F2-E8A2A34780FE}"
EndProject
Project("{2150E333-8FDC-42A3-9474-1A3956D46DE8}") = "etc", "etc", "{8840586C-DFCA-4F28-8682-79ECD05B9C50}"
	ProjectSection(SolutionItems) = preProject
		.editorconfig = .editorconfig
		.gitignore = .gitignore
		exclusion.dic.txt = exclusion.dic.txt
	EndProjectSection
EndProject
Global
	GlobalSection(SolutionConfigurationPlatforms) = preSolution
		Debug|Any CPU = Debug|Any CPU
		GeneratePlantUml|Any CPU = GeneratePlantUml|Any CPU
		Release|Any CPU = Release|Any CPU
	EndGlobalSection
	GlobalSection(ProjectConfigurationPlatforms) = postSolution
		{B66EADA3-5FC8-4585-BE99-3ADB3CC0FE59}.Debug|Any CPU.ActiveCfg = Debug|Any CPU
		{B66EADA3-5FC8-4585-BE99-3ADB3CC0FE59}.Debug|Any CPU.Build.0 = Debug|Any CPU
		{B66EADA3-5FC8-4585-BE99-3ADB3CC0FE59}.GeneratePlantUml|Any CPU.ActiveCfg = GeneratePlantUml|Any CPU
		{B66EADA3-5FC8-4585-BE99-3ADB3CC0FE59}.GeneratePlantUml|Any CPU.Build.0 = GeneratePlantUml|Any CPU
		{B66EADA3-5FC8-4585-BE99-3ADB3CC0FE59}.Release|Any CPU.ActiveCfg = Release|Any CPU
		{B66EADA3-5FC8-4585-BE99-3ADB3CC0FE59}.Release|Any CPU.Build.0 = Release|Any CPU
		{07543A9A-12A3-41EF-A3F2-E8A2A34780FE}.Debug|Any CPU.ActiveCfg = Debug|Any CPU
		{07543A9A-12A3-41EF-A3F2-E8A2A34780FE}.Debug|Any CPU.Build.0 = Debug|Any CPU
		{07543A9A-12A3-41EF-A3F2-E8A2A34780FE}.GeneratePlantUml|Any CPU.ActiveCfg = Debug|Any CPU
		{07543A9A-12A3-41EF-A3F2-E8A2A34780FE}.GeneratePlantUml|Any CPU.Build.0 = Debug|Any CPU
		{07543A9A-12A3-41EF-A3F2-E8A2A34780FE}.Release|Any CPU.ActiveCfg = Release|Any CPU
		{07543A9A-12A3-41EF-A3F2-E8A2A34780FE}.Release|Any CPU.Build.0 = Release|Any CPU
	EndGlobalSection
	GlobalSection(SolutionProperties) = preSolution
		HideSolutionNode = FALSE
	EndGlobalSection
	GlobalSection(ExtensibilityGlobals) = postSolution
		SolutionGuid = {505366BC-4134-48AD-B4B9-2AA059809F59}
	EndGlobalSection
EndGlobal
